// !$*UTF8*$!
{
	archiveVersion = 1;
	classes = {
	};
	objectVersion = 55;
	objects = {

/* Begin PBXBuildFile section */
		77A18FAC26B440D70093227F /* GymLogApp.swift in Sources */ = {isa = PBXBuildFile; fileRef = 77A18FAB26B440D70093227F /* GymLogApp.swift */; };
		77A18FAE26B440D70093227F /* ContentView.swift in Sources */ = {isa = PBXBuildFile; fileRef = 77A18FAD26B440D70093227F /* ContentView.swift */; };
		77A18FB026B440D80093227F /* Assets.xcassets in Resources */ = {isa = PBXBuildFile; fileRef = 77A18FAF26B440D80093227F /* Assets.xcassets */; };
		77A18FB326B440D80093227F /* Preview Assets.xcassets in Resources */ = {isa = PBXBuildFile; fileRef = 77A18FB226B440D80093227F /* Preview Assets.xcassets */; };
		77A18FBD26B440D90093227F /* GymLogTests.swift in Sources */ = {isa = PBXBuildFile; fileRef = 77A18FBC26B440D90093227F /* GymLogTests.swift */; };
		77A18FC726B440D90093227F /* GymLogUITests.swift in Sources */ = {isa = PBXBuildFile; fileRef = 77A18FC626B440D90093227F /* GymLogUITests.swift */; };
/* End PBXBuildFile section */

/* Begin PBXContainerItemProxy section */
		77A18FB926B440D90093227F /* PBXContainerItemProxy */ = {
			isa = PBXContainerItemProxy;
			containerPortal = 77A18FA026B440D70093227F /* Project object */;
			proxyType = 1;
			remoteGlobalIDString = 77A18FA726B440D70093227F;
			remoteInfo = GymLog;
		};
		77A18FC326B440D90093227F /* PBXContainerItemProxy */ = {
			isa = PBXContainerItemProxy;
			containerPortal = 77A18FA026B440D70093227F /* Project object */;
			proxyType = 1;
			remoteGlobalIDString = 77A18FA726B440D70093227F;
			remoteInfo = GymLog;
		};
/* End PBXContainerItemProxy section */

/* Begin PBXFileReference section */
		77A18FA826B440D70093227F /* GymLog.app */ = {isa = PBXFileReference; explicitFileType = wrapper.application; includeInIndex = 0; path = GymLog.app; sourceTree = BUILT_PRODUCTS_DIR; };
		77A18FAB26B440D70093227F /* GymLogApp.swift */ = {isa = PBXFileReference; lastKnownFileType = sourcecode.swift; path = GymLogApp.swift; sourceTree = "<group>"; };
		77A18FAD26B440D70093227F /* ContentView.swift */ = {isa = PBXFileReference; lastKnownFileType = sourcecode.swift; path = ContentView.swift; sourceTree = "<group>"; };
		77A18FAF26B440D80093227F /* Assets.xcassets */ = {isa = PBXFileReference; lastKnownFileType = folder.assetcatalog; path = Assets.xcassets; sourceTree = "<group>"; };
		77A18FB226B440D80093227F /* Preview Assets.xcassets */ = {isa = PBXFileReference; lastKnownFileType = folder.assetcatalog; path = "Preview Assets.xcassets"; sourceTree = "<group>"; };
		77A18FB826B440D90093227F /* GymLogTests.xctest */ = {isa = PBXFileReference; explicitFileType = wrapper.cfbundle; includeInIndex = 0; path = GymLogTests.xctest; sourceTree = BUILT_PRODUCTS_DIR; };
		77A18FBC26B440D90093227F /* GymLogTests.swift */ = {isa = PBXFileReference; lastKnownFileType = sourcecode.swift; path = GymLogTests.swift; sourceTree = "<group>"; };
		77A18FC226B440D90093227F /* GymLogUITests.xctest */ = {isa = PBXFileReference; explicitFileType = wrapper.cfbundle; includeInIndex = 0; path = GymLogUITests.xctest; sourceTree = BUILT_PRODUCTS_DIR; };
		77A18FC626B440D90093227F /* GymLogUITests.swift */ = {isa = PBXFileReference; lastKnownFileType = sourcecode.swift; path = GymLogUITests.swift; sourceTree = "<group>"; };
/* End PBXFileReference section */

/* Begin PBXFrameworksBuildPhase section */
		77A18FA526B440D70093227F /* Frameworks */ = {
			isa = PBXFrameworksBuildPhase;
			buildActionMask = 2147483647;
			files = (
			);
			runOnlyForDeploymentPostprocessing = 0;
		};
		77A18FB526B440D90093227F /* Frameworks */ = {
			isa = PBXFrameworksBuildPhase;
			buildActionMask = 2147483647;
			files = (
			);
			runOnlyForDeploymentPostprocessing = 0;
		};
		77A18FBF26B440D90093227F /* Frameworks */ = {
			isa = PBXFrameworksBuildPhase;
			buildActionMask = 2147483647;
			files = (
			);
			runOnlyForDeploymentPostprocessing = 0;
		};
/* End PBXFrameworksBuildPhase section */

/* Begin PBXGroup section */
		77A18F9F26B440D70093227F = {
			isa = PBXGroup;
			children = (
				77A18FAA26B440D70093227F /* GymLog */,
				77A18FBB26B440D90093227F /* GymLogTests */,
				77A18FC526B440D90093227F /* GymLogUITests */,
				77A18FA926B440D70093227F /* Products */,
			);
			sourceTree = "<group>";
		};
		77A18FA926B440D70093227F /* Products */ = {
			isa = PBXGroup;
			children = (
				77A18FA826B440D70093227F /* GymLog.app */,
				77A18FB826B440D90093227F /* GymLogTests.xctest */,
				77A18FC226B440D90093227F /* GymLogUITests.xctest */,
			);
			name = Products;
			sourceTree = "<group>";
		};
		77A18FAA26B440D70093227F /* GymLog */ = {
			isa = PBXGroup;
			children = (
				77A18FAB26B440D70093227F /* GymLogApp.swift */,
				77A18FAD26B440D70093227F /* ContentView.swift */,
				77A18FAF26B440D80093227F /* Assets.xcassets */,
				77A18FB126B440D80093227F /* Preview Content */,
			);
			path = GymLog;
			sourceTree = "<group>";
		};
		77A18FB126B440D80093227F /* Preview Content */ = {
			isa = PBXGroup;
			children = (
				77A18FB226B440D80093227F /* Preview Assets.xcassets */,
			);
			path = "Preview Content";
			sourceTree = "<group>";
		};
		77A18FBB26B440D90093227F /* GymLogTests */ = {
			isa = PBXGroup;
			children = (
				77A18FBC26B440D90093227F /* GymLogTests.swift */,
			);
			path = GymLogTests;
			sourceTree = "<group>";
		};
		77A18FC526B440D90093227F /* GymLogUITests */ = {
			isa = PBXGroup;
			children = (
				77A18FC626B440D90093227F /* GymLogUITests.swift */,
			);
			path = GymLogUITests;
			sourceTree = "<group>";
		};
/* End PBXGroup section */

/* Begin PBXNativeTarget section */
		77A18FA726B440D70093227F /* GymLog */ = {
			isa = PBXNativeTarget;
			buildConfigurationList = 77A18FCA26B440D90093227F /* Build configuration list for PBXNativeTarget "GymLog" */;
			buildPhases = (
				77A18FA426B440D70093227F /* Sources */,
				77A18FA526B440D70093227F /* Frameworks */,
				77A18FA626B440D70093227F /* Resources */,
			);
			buildRules = (
			);
			dependencies = (
			);
			name = GymLog;
			productName = GymLog;
			productReference = 77A18FA826B440D70093227F /* GymLog.app */;
			productType = "com.apple.product-type.application";
		};
		77A18FB726B440D90093227F /* GymLogTests */ = {
			isa = PBXNativeTarget;
			buildConfigurationList = 77A18FCD26B440D90093227F /* Build configuration list for PBXNativeTarget "GymLogTests" */;
			buildPhases = (
				77A18FB426B440D90093227F /* Sources */,
				77A18FB526B440D90093227F /* Frameworks */,
				77A18FB626B440D90093227F /* Resources */,
			);
			buildRules = (
			);
			dependencies = (
				77A18FBA26B440D90093227F /* PBXTargetDependency */,
			);
			name = GymLogTests;
			productName = GymLogTests;
			productReference = 77A18FB826B440D90093227F /* GymLogTests.xctest */;
			productType = "com.apple.product-type.bundle.unit-test";
		};
		77A18FC126B440D90093227F /* GymLogUITests */ = {
			isa = PBXNativeTarget;
			buildConfigurationList = 77A18FD026B440D90093227F /* Build configuration list for PBXNativeTarget "GymLogUITests" */;
			buildPhases = (
				77A18FBE26B440D90093227F /* Sources */,
				77A18FBF26B440D90093227F /* Frameworks */,
				77A18FC026B440D90093227F /* Resources */,
			);
			buildRules = (
			);
			dependencies = (
				77A18FC426B440D90093227F /* PBXTargetDependency */,
			);
			name = GymLogUITests;
			productName = GymLogUITests;
			productReference = 77A18FC226B440D90093227F /* GymLogUITests.xctest */;
			productType = "com.apple.product-type.bundle.ui-testing";
		};
/* End PBXNativeTarget section */

/* Begin PBXProject section */
		77A18FA026B440D70093227F /* Project object */ = {
			isa = PBXProject;
			attributes = {
				BuildIndependentTargetsInParallel = 1;
				LastSwiftUpdateCheck = 1300;
				LastUpgradeCheck = 1300;
				TargetAttributes = {
					77A18FA726B440D70093227F = {
						CreatedOnToolsVersion = 13.0;
					};
					77A18FB726B440D90093227F = {
						CreatedOnToolsVersion = 13.0;
						TestTargetID = 77A18FA726B440D70093227F;
					};
					77A18FC126B440D90093227F = {
						CreatedOnToolsVersion = 13.0;
						TestTargetID = 77A18FA726B440D70093227F;
					};
				};
			};
			buildConfigurationList = 77A18FA326B440D70093227F /* Build configuration list for PBXProject "GymLog" */;
			compatibilityVersion = "Xcode 13.0";
			developmentRegion = en;
			hasScannedForEncodings = 0;
			knownRegions = (
				en,
				Base,
			);
			mainGroup = 77A18F9F26B440D70093227F;
			productRefGroup = 77A18FA926B440D70093227F /* Products */;
			projectDirPath = "";
			projectRoot = "";
			targets = (
				77A18FA726B440D70093227F /* GymLog */,
				77A18FB726B440D90093227F /* GymLogTests */,
				77A18FC126B440D90093227F /* GymLogUITests */,
			);
		};
/* End PBXProject section */

/* Begin PBXResourcesBuildPhase section */
		77A18FA626B440D70093227F /* Resources */ = {
			isa = PBXResourcesBuildPhase;
			buildActionMask = 2147483647;
			files = (
				77A18FB326B440D80093227F /* Preview Assets.xcassets in Resources */,
				77A18FB026B440D80093227F /* Assets.xcassets in Resources */,
			);
			runOnlyForDeploymentPostprocessing = 0;
		};
		77A18FB626B440D90093227F /* Resources */ = {
			isa = PBXResourcesBuildPhase;
			buildActionMask = 2147483647;
			files = (
			);
			runOnlyForDeploymentPostprocessing = 0;
		};
		77A18FC026B440D90093227F /* Resources */ = {
			isa = PBXResourcesBuildPhase;
			buildActionMask = 2147483647;
			files = (
			);
			runOnlyForDeploymentPostprocessing = 0;
		};
/* End PBXResourcesBuildPhase section */

/* Begin PBXSourcesBuildPhase section */
		77A18FA426B440D70093227F /* Sources */ = {
			isa = PBXSourcesBuildPhase;
			buildActionMask = 2147483647;
			files = (
				77A18FAE26B440D70093227F /* ContentView.swift in Sources */,
				77A18FAC26B440D70093227F /* GymLogApp.swift in Sources */,
			);
			runOnlyForDeploymentPostprocessing = 0;
		};
		77A18FB426B440D90093227F /* Sources */ = {
			isa = PBXSourcesBuildPhase;
			buildActionMask = 2147483647;
			files = (
				77A18FBD26B440D90093227F /* GymLogTests.swift in Sources */,
			);
			runOnlyForDeploymentPostprocessing = 0;
		};
		77A18FBE26B440D90093227F /* Sources */ = {
			isa = PBXSourcesBuildPhase;
			buildActionMask = 2147483647;
			files = (
				77A18FC726B440D90093227F /* GymLogUITests.swift in Sources */,
			);
			runOnlyForDeploymentPostprocessing = 0;
		};
/* End PBXSourcesBuildPhase section */

/* Begin PBXTargetDependency section */
		77A18FBA26B440D90093227F /* PBXTargetDependency */ = {
			isa = PBXTargetDependency;
			target = 77A18FA726B440D70093227F /* GymLog */;
			targetProxy = 77A18FB926B440D90093227F /* PBXContainerItemProxy */;
		};
		77A18FC426B440D90093227F /* PBXTargetDependency */ = {
			isa = PBXTargetDependency;
			target = 77A18FA726B440D70093227F /* GymLog */;
			targetProxy = 77A18FC326B440D90093227F /* PBXContainerItemProxy */;
		};
/* End PBXTargetDependency section */

/* Begin XCBuildConfiguration section */
		77A18FC826B440D90093227F /* Debug */ = {
			isa = XCBuildConfiguration;
			buildSettings = {
				ALWAYS_SEARCH_USER_PATHS = NO;
				CLANG_ANALYZER_NONNULL = YES;
				CLANG_ANALYZER_NUMBER_OBJECT_CONVERSION = YES_AGGRESSIVE;
				CLANG_CXX_LANGUAGE_STANDARD = "gnu++17";
				CLANG_CXX_LIBRARY = "libc++";
				CLANG_ENABLE_MODULES = YES;
				CLANG_ENABLE_OBJC_ARC = YES;
				CLANG_ENABLE_OBJC_WEAK = YES;
				CLANG_WARN_BLOCK_CAPTURE_AUTORELEASING = YES;
				CLANG_WARN_BOOL_CONVERSION = YES;
				CLANG_WARN_COMMA = YES;
				CLANG_WARN_CONSTANT_CONVERSION = YES;
				CLANG_WARN_DEPRECATED_OBJC_IMPLEMENTATIONS = YES;
				CLANG_WARN_DIRECT_OBJC_ISA_USAGE = YES_ERROR;
				CLANG_WARN_DOCUMENTATION_COMMENTS = YES;
				CLANG_WARN_EMPTY_BODY = YES;
				CLANG_WARN_ENUM_CONVERSION = YES;
				CLANG_WARN_INFINITE_RECURSION = YES;
				CLANG_WARN_INT_CONVERSION = YES;
				CLANG_WARN_NON_LITERAL_NULL_CONVERSION = YES;
				CLANG_WARN_OBJC_IMPLICIT_RETAIN_SELF = YES;
				CLANG_WARN_OBJC_LITERAL_CONVERSION = YES;
				CLANG_WARN_OBJC_ROOT_CLASS = YES_ERROR;
				CLANG_WARN_QUOTED_INCLUDE_IN_FRAMEWORK_HEADER = YES;
				CLANG_WARN_RANGE_LOOP_ANALYSIS = YES;
				CLANG_WARN_STRICT_PROTOTYPES = YES;
				CLANG_WARN_SUSPICIOUS_MOVE = YES;
				CLANG_WARN_UNGUARDED_AVAILABILITY = YES_AGGRESSIVE;
				CLANG_WARN_UNREACHABLE_CODE = YES;
				CLANG_WARN__DUPLICATE_METHOD_MATCH = YES;
				COPY_PHASE_STRIP = NO;
				DEBUG_INFORMATION_FORMAT = dwarf;
				ENABLE_STRICT_OBJC_MSGSEND = YES;
				ENABLE_TESTABILITY = YES;
				GCC_C_LANGUAGE_STANDARD = gnu11;
				GCC_DYNAMIC_NO_PIC = NO;
				GCC_NO_COMMON_BLOCKS = YES;
				GCC_OPTIMIZATION_LEVEL = 0;
				GCC_PREPROCESSOR_DEFINITIONS = (
					"DEBUG=1",
					"$(inherited)",
				);
				GCC_WARN_64_TO_32_BIT_CONVERSION = YES;
				GCC_WARN_ABOUT_RETURN_TYPE = YES_ERROR;
				GCC_WARN_UNDECLARED_SELECTOR = YES;
				GCC_WARN_UNINITIALIZED_AUTOS = YES_AGGRESSIVE;
				GCC_WARN_UNUSED_FUNCTION = YES;
				GCC_WARN_UNUSED_VARIABLE = YES;
				IPHONEOS_DEPLOYMENT_TARGET = 15.0;
				MTL_ENABLE_DEBUG_INFO = INCLUDE_SOURCE;
				MTL_FAST_MATH = YES;
				ONLY_ACTIVE_ARCH = YES;
				SDKROOT = iphoneos;
				SWIFT_ACTIVE_COMPILATION_CONDITIONS = DEBUG;
				SWIFT_OPTIMIZATION_LEVEL = "-Onone";
			};
			name = Debug;
		};
		77A18FC926B440D90093227F /* Release */ = {
			isa = XCBuildConfiguration;
			buildSettings = {
				ALWAYS_SEARCH_USER_PATHS = NO;
				CLANG_ANALYZER_NONNULL = YES;
				CLANG_ANALYZER_NUMBER_OBJECT_CONVERSION = YES_AGGRESSIVE;
				CLANG_CXX_LANGUAGE_STANDARD = "gnu++17";
				CLANG_CXX_LIBRARY = "libc++";
				CLANG_ENABLE_MODULES = YES;
				CLANG_ENABLE_OBJC_ARC = YES;
				CLANG_ENABLE_OBJC_WEAK = YES;
				CLANG_WARN_BLOCK_CAPTURE_AUTORELEASING = YES;
				CLANG_WARN_BOOL_CONVERSION = YES;
				CLANG_WARN_COMMA = YES;
				CLANG_WARN_CONSTANT_CONVERSION = YES;
				CLANG_WARN_DEPRECATED_OBJC_IMPLEMENTATIONS = YES;
				CLANG_WARN_DIRECT_OBJC_ISA_USAGE = YES_ERROR;
				CLANG_WARN_DOCUMENTATION_COMMENTS = YES;
				CLANG_WARN_EMPTY_BODY = YES;
				CLANG_WARN_ENUM_CONVERSION = YES;
				CLANG_WARN_INFINITE_RECURSION = YES;
				CLANG_WARN_INT_CONVERSION = YES;
				CLANG_WARN_NON_LITERAL_NULL_CONVERSION = YES;
				CLANG_WARN_OBJC_IMPLICIT_RETAIN_SELF = YES;
				CLANG_WARN_OBJC_LITERAL_CONVERSION = YES;
				CLANG_WARN_OBJC_ROOT_CLASS = YES_ERROR;
				CLANG_WARN_QUOTED_INCLUDE_IN_FRAMEWORK_HEADER = YES;
				CLANG_WARN_RANGE_LOOP_ANALYSIS = YES;
				CLANG_WARN_STRICT_PROTOTYPES = YES;
				CLANG_WARN_SUSPICIOUS_MOVE = YES;
				CLANG_WARN_UNGUARDED_AVAILABILITY = YES_AGGRESSIVE;
				CLANG_WARN_UNREACHABLE_CODE = YES;
				CLANG_WARN__DUPLICATE_METHOD_MATCH = YES;
				COPY_PHASE_STRIP = NO;
				DEBUG_INFORMATION_FORMAT = "dwarf-with-dsym";
				ENABLE_NS_ASSERTIONS = NO;
				ENABLE_STRICT_OBJC_MSGSEND = YES;
				GCC_C_LANGUAGE_STANDARD = gnu11;
				GCC_NO_COMMON_BLOCKS = YES;
				GCC_WARN_64_TO_32_BIT_CONVERSION = YES;
				GCC_WARN_ABOUT_RETURN_TYPE = YES_ERROR;
				GCC_WARN_UNDECLARED_SELECTOR = YES;
				GCC_WARN_UNINITIALIZED_AUTOS = YES_AGGRESSIVE;
				GCC_WARN_UNUSED_FUNCTION = YES;
				GCC_WARN_UNUSED_VARIABLE = YES;
				IPHONEOS_DEPLOYMENT_TARGET = 15.0;
				MTL_ENABLE_DEBUG_INFO = NO;
				MTL_FAST_MATH = YES;
				SDKROOT = iphoneos;
				SWIFT_COMPILATION_MODE = wholemodule;
				SWIFT_OPTIMIZATION_LEVEL = "-O";
				VALIDATE_PRODUCT = YES;
			};
			name = Release;
		};
		77A18FCB26B440D90093227F /* Debug */ = {
			isa = XCBuildConfiguration;
			buildSettings = {
				ASSETCATALOG_COMPILER_APPICON_NAME = AppIcon;
				ASSETCATALOG_COMPILER_GLOBAL_ACCENT_COLOR_NAME = AccentColor;
				CODE_SIGN_STYLE = Automatic;
				CURRENT_PROJECT_VERSION = 1;
				DEVELOPMENT_ASSET_PATHS = "\"GymLog/Preview Content\"";
				DEVELOPMENT_TEAM = 73Y326C8W6;
				ENABLE_PREVIEWS = YES;
				GENERATE_INFOPLIST_FILE = YES;
				INFOPLIST_KEY_UIApplicationSceneManifest_Generation = YES;
				INFOPLIST_KEY_UIApplicationSupportsIndirectInputEvents = YES;
				INFOPLIST_KEY_UILaunchScreen_Generation = YES;
				INFOPLIST_KEY_UISupportedInterfaceOrientations = UIInterfaceOrientationPortrait;
				INFOPLIST_KEY_UISupportedInterfaceOrientations_iPad = "UIInterfaceOrientationPortrait UIInterfaceOrientationPortraitUpsideDown UIInterfaceOrientationLandscapeLeft UIInterfaceOrientationLandscapeRight";
				INFOPLIST_KEY_UISupportedInterfaceOrientations_iPhone = "UIInterfaceOrientationPortrait UIInterfaceOrientationLandscapeLeft UIInterfaceOrientationLandscapeRight";
				IPHONEOS_DEPLOYMENT_TARGET = 14.0;
				LD_RUNPATH_SEARCH_PATHS = (
					"$(inherited)",
					"@executable_path/Frameworks",
				);
				MARKETING_VERSION = 1.0;
				PRODUCT_BUNDLE_IDENTIFIER = com.thaing.self.GymLog;
				PRODUCT_NAME = "$(TARGET_NAME)";
				SWIFT_EMIT_LOC_STRINGS = YES;
				SWIFT_VERSION = 5.0;
				TARGETED_DEVICE_FAMILY = "1,2";
			};
			name = Debug;
		};
		77A18FCC26B440D90093227F /* Release */ = {
			isa = XCBuildConfiguration;
			buildSettings = {
				ASSETCATALOG_COMPILER_APPICON_NAME = AppIcon;
				ASSETCATALOG_COMPILER_GLOBAL_ACCENT_COLOR_NAME = AccentColor;
				CODE_SIGN_STYLE = Automatic;
				CURRENT_PROJECT_VERSION = 1;
				DEVELOPMENT_ASSET_PATHS = "\"GymLog/Preview Content\"";
				DEVELOPMENT_TEAM = 73Y326C8W6;
				ENABLE_PREVIEWS = YES;
				GENERATE_INFOPLIST_FILE = YES;
				INFOPLIST_KEY_UIApplicationSceneManifest_Generation = YES;
				INFOPLIST_KEY_UIApplicationSupportsIndirectInputEvents = YES;
				INFOPLIST_KEY_UILaunchScreen_Generation = YES;
				INFOPLIST_KEY_UISupportedInterfaceOrientations = UIInterfaceOrientationPortrait;
				INFOPLIST_KEY_UISupportedInterfaceOrientations_iPad = "UIInterfaceOrientationPortrait UIInterfaceOrientationPortraitUpsideDown UIInterfaceOrientationLandscapeLeft UIInterfaceOrientationLandscapeRight";
				INFOPLIST_KEY_UISupportedInterfaceOrientations_iPhone = "UIInterfaceOrientationPortrait UIInterfaceOrientationLandscapeLeft UIInterfaceOrientationLandscapeRight";
				IPHONEOS_DEPLOYMENT_TARGET = 14.0;
				LD_RUNPATH_SEARCH_PATHS = (
					"$(inherited)",
					"@executable_path/Frameworks",
				);
				MARKETING_VERSION = 1.0;
				PRODUCT_BUNDLE_IDENTIFIER = com.thaing.self.GymLog;
				PRODUCT_NAME = "$(TARGET_NAME)";
				SWIFT_EMIT_LOC_STRINGS = YES;
				SWIFT_VERSION = 5.0;
				TARGETED_DEVICE_FAMILY = "1,2";
			};
			name = Release;
		};
		77A18FCE26B440D90093227F /* Debug */ = {
			isa = XCBuildConfiguration;
			buildSettings = {
				ALWAYS_EMBED_SWIFT_STANDARD_LIBRARIES = YES;
				BUNDLE_LOADER = "$(TEST_HOST)";
				CODE_SIGN_STYLE = Automatic;
				CURRENT_PROJECT_VERSION = 1;
				DEVELOPMENT_TEAM = 73Y326C8W6;
				GENERATE_INFOPLIST_FILE = YES;
				IPHONEOS_DEPLOYMENT_TARGET = 14.0;
				LD_RUNPATH_SEARCH_PATHS = (
					"$(inherited)",
					"@executable_path/Frameworks",
					"@loader_path/Frameworks",
				);
				MARKETING_VERSION = 1.0;
				PRODUCT_BUNDLE_IDENTIFIER = com.thaing.self.GymLogTests;
				PRODUCT_NAME = "$(TARGET_NAME)";
				SWIFT_EMIT_LOC_STRINGS = NO;
				SWIFT_VERSION = 5.0;
				TARGETED_DEVICE_FAMILY = "1,2";
				TEST_HOST = "$(BUILT_PRODUCTS_DIR)/GymLog.app/GymLog";
			};
			name = Debug;
		};
		77A18FCF26B440D90093227F /* Release */ = {
			isa = XCBuildConfiguration;
			buildSettings = {
				ALWAYS_EMBED_SWIFT_STANDARD_LIBRARIES = YES;
				BUNDLE_LOADER = "$(TEST_HOST)";
				CODE_SIGN_STYLE = Automatic;
				CURRENT_PROJECT_VERSION = 1;
				DEVELOPMENT_TEAM = 73Y326C8W6;
				GENERATE_INFOPLIST_FILE = YES;
				IPHONEOS_DEPLOYMENT_TARGET = 14.0;
				LD_RUNPATH_SEARCH_PATHS = (
					"$(inherited)",
					"@executable_path/Frameworks",
					"@loader_path/Frameworks",
				);
				MARKETING_VERSION = 1.0;
				PRODUCT_BUNDLE_IDENTIFIER = com.thaing.self.GymLogTests;
				PRODUCT_NAME = "$(TARGET_NAME)";
				SWIFT_EMIT_LOC_STRINGS = NO;
				SWIFT_VERSION = 5.0;
				TARGETED_DEVICE_FAMILY = "1,2";
				TEST_HOST = "$(BUILT_PRODUCTS_DIR)/GymLog.app/GymLog";
			};
			name = Release;
		};
		77A18FD126B440D90093227F /* Debug */ = {
			isa = XCBuildConfiguration;
			buildSettings = {
				ALWAYS_EMBED_SWIFT_STANDARD_LIBRARIES = YES;
				CODE_SIGN_STYLE = Automatic;
				CURRENT_PROJECT_VERSION = 1;
				DEVELOPMENT_TEAM = 73Y326C8W6;
				GENERATE_INFOPLIST_FILE = YES;
				LD_RUNPATH_SEARCH_PATHS = (
					"$(inherited)",
					"@executable_path/Frameworks",
					"@loader_path/Frameworks",
				);
				MARKETING_VERSION = 1.0;
				PRODUCT_BUNDLE_IDENTIFIER = com.thaing.self.GymLogUITests;
				PRODUCT_NAME = "$(TARGET_NAME)";
				SWIFT_EMIT_LOC_STRINGS = NO;
				SWIFT_VERSION = 5.0;
				TARGETED_DEVICE_FAMILY = "1,2";
				TEST_TARGET_NAME = GymLog;
			};
			name = Debug;
		};
		77A18FD226B440D90093227F /* Release */ = {
			isa = XCBuildConfiguration;
			buildSettings = {
				ALWAYS_EMBED_SWIFT_STANDARD_LIBRARIES = YES;
				CODE_SIGN_STYLE = Automatic;
				CURRENT_PROJECT_VERSION = 1;
				DEVELOPMENT_TEAM = 73Y326C8W6;
				GENERATE_INFOPLIST_FILE = YES;
				LD_RUNPATH_SEARCH_PATHS = (
					"$(inherited)",
					"@executable_path/Frameworks",
					"@loader_path/Frameworks",
				);
				MARKETING_VERSION = 1.0;
				PRODUCT_BUNDLE_IDENTIFIER = com.thaing.self.GymLogUITests;
				PRODUCT_NAME = "$(TARGET_NAME)";
				SWIFT_EMIT_LOC_STRINGS = NO;
				SWIFT_VERSION = 5.0;
				TARGETED_DEVICE_FAMILY = "1,2";
				TEST_TARGET_NAME = GymLog;
			};
			name = Release;
		};
/* End XCBuildConfiguration section */

/* Begin XCConfigurationList section */
		77A18FA326B440D70093227F /* Build configuration list for PBXProject "GymLog" */ = {
			isa = XCConfigurationList;
			buildConfigurations = (
				77A18FC826B440D90093227F /* Debug */,
				77A18FC926B440D90093227F /* Release */,
			);
			defaultConfigurationIsVisible = 0;
			defaultConfigurationName = Release;
		};
		77A18FCA26B440D90093227F /* Build configuration list for PBXNativeTarget "GymLog" */ = {
			isa = XCConfigurationList;
			buildConfigurations = (
				77A18FCB26B440D90093227F /* Debug */,
				77A18FCC26B440D90093227F /* Release */,
			);
			defaultConfigurationIsVisible = 0;
			defaultConfigurationName = Release;
		};
		77A18FCD26B440D90093227F /* Build configuration list for PBXNativeTarget "GymLogTests" */ = {
			isa = XCConfigurationList;
			buildConfigurations = (
				77A18FCE26B440D90093227F /* Debug */,
				77A18FCF26B440D90093227F /* Release */,
			);
			defaultConfigurationIsVisible = 0;
			defaultConfigurationName = Release;
		};
		77A18FD026B440D90093227F /* Build configuration list for PBXNativeTarget "GymLogUITests" */ = {
			isa = XCConfigurationList;
			buildConfigurations = (
				77A18FD126B440D90093227F /* Debug */,
				77A18FD226B440D90093227F /* Release */,
			);
			defaultConfigurationIsVisible = 0;
			defaultConfigurationName = Release;
		};
/* End XCConfigurationList section */
	};
	rootObject = 77A18FA026B440D70093227F /* Project object */;
}
